// !$*UTF8*$!
{
	archiveVersion = 1;
	classes = {
	};
	objectVersion = 56;
	objects = {

/* Begin PBXBuildFile section */
		6A20CAFE2915D961007464B0 /* GraphTestView.swift in Sources */ = {isa = PBXBuildFile; fileRef = 6A20CAFD2915D961007464B0 /* GraphTestView.swift */; };
		6A3701C0290DE17E00B48E2B /* OnteiKaizenKunApp.swift in Sources */ = {isa = PBXBuildFile; fileRef = 6A3701BF290DE17E00B48E2B /* OnteiKaizenKunApp.swift */; };
		6A3701C2290DE17E00B48E2B /* ContentView.swift in Sources */ = {isa = PBXBuildFile; fileRef = 6A3701C1290DE17E00B48E2B /* ContentView.swift */; };
		6A3701C4290DE17F00B48E2B /* Assets.xcassets in Resources */ = {isa = PBXBuildFile; fileRef = 6A3701C3290DE17F00B48E2B /* Assets.xcassets */; };
		6A3701C7290DE17F00B48E2B /* Preview Assets.xcassets in Resources */ = {isa = PBXBuildFile; fileRef = 6A3701C6290DE17F00B48E2B /* Preview Assets.xcassets */; };
		6ABF1212290E3EA500A21F85 /* OnteiDisplay.swift in Sources */ = {isa = PBXBuildFile; fileRef = 6ABF1211290E3EA500A21F85 /* OnteiDisplay.swift */; };
		6ABF1214290E415300A21F85 /* Recorder.swift in Sources */ = {isa = PBXBuildFile; fileRef = 6ABF1213290E415300A21F85 /* Recorder.swift */; };
		6ABF1217290E4F9100A21F85 /* AudioKit in Frameworks */ = {isa = PBXBuildFile; productRef = 6ABF1216290E4F9100A21F85 /* AudioKit */; };
		6ABF121A290E4FA400A21F85 /* AudioKitEX in Frameworks */ = {isa = PBXBuildFile; productRef = 6ABF1219290E4FA400A21F85 /* AudioKitEX */; };
		6ABF121D290E4FBB00A21F85 /* AudioKitUI in Frameworks */ = {isa = PBXBuildFile; productRef = 6ABF121C290E4FBB00A21F85 /* AudioKitUI */; };
		6ABF1221290E609E00A21F85 /* SoundpipeAudioKit in Frameworks */ = {isa = PBXBuildFile; productRef = 6ABF1220290E609E00A21F85 /* SoundpipeAudioKit */; };
		6ABF1223290E62AE00A21F85 /* KeyBoardOntei.swift in Sources */ = {isa = PBXBuildFile; fileRef = 6ABF1222290E62AE00A21F85 /* KeyBoardOntei.swift */; };
		6ABF1226290E631800A21F85 /* Keyboard in Frameworks */ = {isa = PBXBuildFile; productRef = 6ABF1225290E631800A21F85 /* Keyboard */; };
		6ABF12282913AEA600A21F85 /* PitchRollingView.swift in Sources */ = {isa = PBXBuildFile; fileRef = 6ABF12272913AEA500A21F85 /* PitchRollingView.swift */; };
/* End PBXBuildFile section */

/* Begin PBXFileReference section */
		6A20CAFD2915D961007464B0 /* GraphTestView.swift */ = {isa = PBXFileReference; lastKnownFileType = sourcecode.swift; path = GraphTestView.swift; sourceTree = "<group>"; };
		6A3701BC290DE17E00B48E2B /* 音程かいぜんくん.app */ = {isa = PBXFileReference; explicitFileType = wrapper.application; includeInIndex = 0; path = "音程かいぜんくん.app"; sourceTree = BUILT_PRODUCTS_DIR; };
		6A3701BF290DE17E00B48E2B /* OnteiKaizenKunApp.swift */ = {isa = PBXFileReference; lastKnownFileType = sourcecode.swift; path = OnteiKaizenKunApp.swift; sourceTree = "<group>"; };
		6A3701C1290DE17E00B48E2B /* ContentView.swift */ = {isa = PBXFileReference; lastKnownFileType = sourcecode.swift; path = ContentView.swift; sourceTree = "<group>"; };
		6A3701C3290DE17F00B48E2B /* Assets.xcassets */ = {isa = PBXFileReference; lastKnownFileType = folder.assetcatalog; path = Assets.xcassets; sourceTree = "<group>"; };
		6A3701C6290DE17F00B48E2B /* Preview Assets.xcassets */ = {isa = PBXFileReference; lastKnownFileType = folder.assetcatalog; path = "Preview Assets.xcassets"; sourceTree = "<group>"; };
		6ABF1211290E3EA500A21F85 /* OnteiDisplay.swift */ = {isa = PBXFileReference; lastKnownFileType = sourcecode.swift; path = OnteiDisplay.swift; sourceTree = "<group>"; };
		6ABF1213290E415300A21F85 /* Recorder.swift */ = {isa = PBXFileReference; lastKnownFileType = sourcecode.swift; path = Recorder.swift; sourceTree = "<group>"; };
		6ABF1222290E62AE00A21F85 /* KeyBoardOntei.swift */ = {isa = PBXFileReference; lastKnownFileType = sourcecode.swift; path = KeyBoardOntei.swift; sourceTree = "<group>"; };
		6ABF12272913AEA500A21F85 /* PitchRollingView.swift */ = {isa = PBXFileReference; lastKnownFileType = sourcecode.swift; path = PitchRollingView.swift; sourceTree = "<group>"; };
/* End PBXFileReference section */

/* Begin PBXFrameworksBuildPhase section */
		6A3701B9290DE17E00B48E2B /* Frameworks */ = {
			isa = PBXFrameworksBuildPhase;
			buildActionMask = 2147483647;
			files = (
				6ABF1217290E4F9100A21F85 /* AudioKit in Frameworks */,
				6ABF121D290E4FBB00A21F85 /* AudioKitUI in Frameworks */,
				6ABF1226290E631800A21F85 /* Keyboard in Frameworks */,
				6ABF1221290E609E00A21F85 /* SoundpipeAudioKit in Frameworks */,
				6ABF121A290E4FA400A21F85 /* AudioKitEX in Frameworks */,
			);
			runOnlyForDeploymentPostprocessing = 0;
		};
/* End PBXFrameworksBuildPhase section */

/* Begin PBXGroup section */
		6A3701B3290DE17D00B48E2B = {
			isa = PBXGroup;
			children = (
				6A3701BE290DE17E00B48E2B /* OnteiKaizenKun */,
				6A3701BD290DE17E00B48E2B /* Products */,
			);
			sourceTree = "<group>";
		};
		6A3701BD290DE17E00B48E2B /* Products */ = {
			isa = PBXGroup;
			children = (
				6A3701BC290DE17E00B48E2B /* 音程かいぜんくん.app */,
			);
			name = Products;
			sourceTree = "<group>";
		};
		6A3701BE290DE17E00B48E2B /* OnteiKaizenKun */ = {
			isa = PBXGroup;
			children = (
				6ABF1210290E3E4600A21F85 /* ContentsView */,
				6A3701BF290DE17E00B48E2B /* OnteiKaizenKunApp.swift */,
				6A3701C1290DE17E00B48E2B /* ContentView.swift */,
				6A3701C3290DE17F00B48E2B /* Assets.xcassets */,
				6A3701C5290DE17F00B48E2B /* Preview Content */,
			);
			path = OnteiKaizenKun;
			sourceTree = "<group>";
		};
		6A3701C5290DE17F00B48E2B /* Preview Content */ = {
			isa = PBXGroup;
			children = (
				6A3701C6290DE17F00B48E2B /* Preview Assets.xcassets */,
			);
			path = "Preview Content";
			sourceTree = "<group>";
		};
		6ABF1210290E3E4600A21F85 /* ContentsView */ = {
			isa = PBXGroup;
			children = (
				6ABF1211290E3EA500A21F85 /* OnteiDisplay.swift */,
				6ABF1213290E415300A21F85 /* Recorder.swift */,
				6ABF1222290E62AE00A21F85 /* KeyBoardOntei.swift */,
				6ABF12272913AEA500A21F85 /* PitchRollingView.swift */,
				6A20CAFD2915D961007464B0 /* GraphTestView.swift */,
			);
			path = ContentsView;
			sourceTree = "<group>";
		};
/* End PBXGroup section */

/* Begin PBXNativeTarget section */
		6A3701BB290DE17E00B48E2B /* 音程かいぜんくん */ = {
			isa = PBXNativeTarget;
			buildConfigurationList = 6A3701CA290DE17F00B48E2B /* Build configuration list for PBXNativeTarget "音程かいぜんくん" */;
			buildPhases = (
				6A3701B8290DE17E00B48E2B /* Sources */,
				6A3701B9290DE17E00B48E2B /* Frameworks */,
				6A3701BA290DE17E00B48E2B /* Resources */,
			);
			buildRules = (
			);
			dependencies = (
			);
			name = "音程かいぜんくん";
			packageProductDependencies = (
				6ABF1216290E4F9100A21F85 /* AudioKit */,
				6ABF1219290E4FA400A21F85 /* AudioKitEX */,
				6ABF121C290E4FBB00A21F85 /* AudioKitUI */,
				6ABF1220290E609E00A21F85 /* SoundpipeAudioKit */,
				6ABF1225290E631800A21F85 /* Keyboard */,
			);
			productName = OnteiKaizenKun;
			productReference = 6A3701BC290DE17E00B48E2B /* 音程かいぜんくん.app */;
			productType = "com.apple.product-type.application";
		};
/* End PBXNativeTarget section */

/* Begin PBXProject section */
		6A3701B4290DE17D00B48E2B /* Project object */ = {
			isa = PBXProject;
			attributes = {
				BuildIndependentTargetsInParallel = 1;
				LastSwiftUpdateCheck = 1400;
				LastUpgradeCheck = 1400;
				TargetAttributes = {
					6A3701BB290DE17E00B48E2B = {
						CreatedOnToolsVersion = 14.0.1;
					};
				};
			};
			buildConfigurationList = 6A3701B7290DE17D00B48E2B /* Build configuration list for PBXProject "音程かいぜんくん" */;
			compatibilityVersion = "Xcode 14.0";
			developmentRegion = en;
			hasScannedForEncodings = 0;
			knownRegions = (
				en,
				Base,
			);
			mainGroup = 6A3701B3290DE17D00B48E2B;
			packageReferences = (
				6ABF1215290E4F9100A21F85 /* XCRemoteSwiftPackageReference "AudioKit" */,
				6ABF1218290E4FA400A21F85 /* XCRemoteSwiftPackageReference "AudioKitEX" */,
				6ABF121B290E4FBB00A21F85 /* XCRemoteSwiftPackageReference "AudioKitUI" */,
				6ABF121F290E609E00A21F85 /* XCRemoteSwiftPackageReference "SoundpipeAudioKit" */,
				6ABF1224290E631800A21F85 /* XCRemoteSwiftPackageReference "Keyboard" */,
			);
			productRefGroup = 6A3701BD290DE17E00B48E2B /* Products */;
			projectDirPath = "";
			projectRoot = "";
			targets = (
				6A3701BB290DE17E00B48E2B /* 音程かいぜんくん */,
			);
		};
/* End PBXProject section */

/* Begin PBXResourcesBuildPhase section */
		6A3701BA290DE17E00B48E2B /* Resources */ = {
			isa = PBXResourcesBuildPhase;
			buildActionMask = 2147483647;
			files = (
				6A3701C7290DE17F00B48E2B /* Preview Assets.xcassets in Resources */,
				6A3701C4290DE17F00B48E2B /* Assets.xcassets in Resources */,
			);
			runOnlyForDeploymentPostprocessing = 0;
		};
/* End PBXResourcesBuildPhase section */

/* Begin PBXSourcesBuildPhase section */
		6A3701B8290DE17E00B48E2B /* Sources */ = {
			isa = PBXSourcesBuildPhase;
			buildActionMask = 2147483647;
			files = (
				6ABF1223290E62AE00A21F85 /* KeyBoardOntei.swift in Sources */,
				6ABF12282913AEA600A21F85 /* PitchRollingView.swift in Sources */,
				6ABF1212290E3EA500A21F85 /* OnteiDisplay.swift in Sources */,
				6A3701C2290DE17E00B48E2B /* ContentView.swift in Sources */,
				6A3701C0290DE17E00B48E2B /* OnteiKaizenKunApp.swift in Sources */,
				6ABF1214290E415300A21F85 /* Recorder.swift in Sources */,
				6A20CAFE2915D961007464B0 /* GraphTestView.swift in Sources */,
			);
			runOnlyForDeploymentPostprocessing = 0;
		};
/* End PBXSourcesBuildPhase section */

/* Begin XCBuildConfiguration section */
		6A3701C8290DE17F00B48E2B /* Debug */ = {
			isa = XCBuildConfiguration;
			buildSettings = {
				ALWAYS_SEARCH_USER_PATHS = NO;
				CLANG_ANALYZER_NONNULL = YES;
				CLANG_ANALYZER_NUMBER_OBJECT_CONVERSION = YES_AGGRESSIVE;
				CLANG_CXX_LANGUAGE_STANDARD = "gnu++20";
				CLANG_ENABLE_MODULES = YES;
				CLANG_ENABLE_OBJC_ARC = YES;
				CLANG_ENABLE_OBJC_WEAK = YES;
				CLANG_WARN_BLOCK_CAPTURE_AUTORELEASING = YES;
				CLANG_WARN_BOOL_CONVERSION = YES;
				CLANG_WARN_COMMA = YES;
				CLANG_WARN_CONSTANT_CONVERSION = YES;
				CLANG_WARN_DEPRECATED_OBJC_IMPLEMENTATIONS = YES;
				CLANG_WARN_DIRECT_OBJC_ISA_USAGE = YES_ERROR;
				CLANG_WARN_DOCUMENTATION_COMMENTS = YES;
				CLANG_WARN_EMPTY_BODY = YES;
				CLANG_WARN_ENUM_CONVERSION = YES;
				CLANG_WARN_INFINITE_RECURSION = YES;
				CLANG_WARN_INT_CONVERSION = YES;
				CLANG_WARN_NON_LITERAL_NULL_CONVERSION = YES;
				CLANG_WARN_OBJC_IMPLICIT_RETAIN_SELF = YES;
				CLANG_WARN_OBJC_LITERAL_CONVERSION = YES;
				CLANG_WARN_OBJC_ROOT_CLASS = YES_ERROR;
				CLANG_WARN_QUOTED_INCLUDE_IN_FRAMEWORK_HEADER = YES;
				CLANG_WARN_RANGE_LOOP_ANALYSIS = YES;
				CLANG_WARN_STRICT_PROTOTYPES = YES;
				CLANG_WARN_SUSPICIOUS_MOVE = YES;
				CLANG_WARN_UNGUARDED_AVAILABILITY = YES_AGGRESSIVE;
				CLANG_WARN_UNREACHABLE_CODE = YES;
				CLANG_WARN__DUPLICATE_METHOD_MATCH = YES;
				COPY_PHASE_STRIP = NO;
				DEBUG_INFORMATION_FORMAT = dwarf;
				ENABLE_STRICT_OBJC_MSGSEND = YES;
				ENABLE_TESTABILITY = YES;
				GCC_C_LANGUAGE_STANDARD = gnu11;
				GCC_DYNAMIC_NO_PIC = NO;
				GCC_NO_COMMON_BLOCKS = YES;
				GCC_OPTIMIZATION_LEVEL = 0;
				GCC_PREPROCESSOR_DEFINITIONS = (
					"DEBUG=1",
					"$(inherited)",
				);
				GCC_WARN_64_TO_32_BIT_CONVERSION = YES;
				GCC_WARN_ABOUT_RETURN_TYPE = YES_ERROR;
				GCC_WARN_UNDECLARED_SELECTOR = YES;
				GCC_WARN_UNINITIALIZED_AUTOS = YES_AGGRESSIVE;
				GCC_WARN_UNUSED_FUNCTION = YES;
				GCC_WARN_UNUSED_VARIABLE = YES;
				IPHONEOS_DEPLOYMENT_TARGET = 16.0;
				MTL_ENABLE_DEBUG_INFO = INCLUDE_SOURCE;
				MTL_FAST_MATH = YES;
				ONLY_ACTIVE_ARCH = YES;
				SDKROOT = iphoneos;
				SWIFT_ACTIVE_COMPILATION_CONDITIONS = DEBUG;
				SWIFT_OPTIMIZATION_LEVEL = "-Onone";
			};
			name = Debug;
		};
		6A3701C9290DE17F00B48E2B /* Release */ = {
			isa = XCBuildConfiguration;
			buildSettings = {
				ALWAYS_SEARCH_USER_PATHS = NO;
				CLANG_ANALYZER_NONNULL = YES;
				CLANG_ANALYZER_NUMBER_OBJECT_CONVERSION = YES_AGGRESSIVE;
				CLANG_CXX_LANGUAGE_STANDARD = "gnu++20";
				CLANG_ENABLE_MODULES = YES;
				CLANG_ENABLE_OBJC_ARC = YES;
				CLANG_ENABLE_OBJC_WEAK = YES;
				CLANG_WARN_BLOCK_CAPTURE_AUTORELEASING = YES;
				CLANG_WARN_BOOL_CONVERSION = YES;
				CLANG_WARN_COMMA = YES;
				CLANG_WARN_CONSTANT_CONVERSION = YES;
				CLANG_WARN_DEPRECATED_OBJC_IMPLEMENTATIONS = YES;
				CLANG_WARN_DIRECT_OBJC_ISA_USAGE = YES_ERROR;
				CLANG_WARN_DOCUMENTATION_COMMENTS = YES;
				CLANG_WARN_EMPTY_BODY = YES;
				CLANG_WARN_ENUM_CONVERSION = YES;
				CLANG_WARN_INFINITE_RECURSION = YES;
				CLANG_WARN_INT_CONVERSION = YES;
				CLANG_WARN_NON_LITERAL_NULL_CONVERSION = YES;
				CLANG_WARN_OBJC_IMPLICIT_RETAIN_SELF = YES;
				CLANG_WARN_OBJC_LITERAL_CONVERSION = YES;
				CLANG_WARN_OBJC_ROOT_CLASS = YES_ERROR;
				CLANG_WARN_QUOTED_INCLUDE_IN_FRAMEWORK_HEADER = YES;
				CLANG_WARN_RANGE_LOOP_ANALYSIS = YES;
				CLANG_WARN_STRICT_PROTOTYPES = YES;
				CLANG_WARN_SUSPICIOUS_MOVE = YES;
				CLANG_WARN_UNGUARDED_AVAILABILITY = YES_AGGRESSIVE;
				CLANG_WARN_UNREACHABLE_CODE = YES;
				CLANG_WARN__DUPLICATE_METHOD_MATCH = YES;
				COPY_PHASE_STRIP = NO;
				DEBUG_INFORMATION_FORMAT = "dwarf-with-dsym";
				ENABLE_NS_ASSERTIONS = NO;
				ENABLE_STRICT_OBJC_MSGSEND = YES;
				GCC_C_LANGUAGE_STANDARD = gnu11;
				GCC_NO_COMMON_BLOCKS = YES;
				GCC_WARN_64_TO_32_BIT_CONVERSION = YES;
				GCC_WARN_ABOUT_RETURN_TYPE = YES_ERROR;
				GCC_WARN_UNDECLARED_SELECTOR = YES;
				GCC_WARN_UNINITIALIZED_AUTOS = YES_AGGRESSIVE;
				GCC_WARN_UNUSED_FUNCTION = YES;
				GCC_WARN_UNUSED_VARIABLE = YES;
				IPHONEOS_DEPLOYMENT_TARGET = 16.0;
				MTL_ENABLE_DEBUG_INFO = NO;
				MTL_FAST_MATH = YES;
				SDKROOT = iphoneos;
				SWIFT_COMPILATION_MODE = wholemodule;
				SWIFT_OPTIMIZATION_LEVEL = "-O";
				VALIDATE_PRODUCT = YES;
			};
			name = Release;
		};
		6A3701CB290DE17F00B48E2B /* Debug */ = {
			isa = XCBuildConfiguration;
			buildSettings = {
				ASSETCATALOG_COMPILER_APPICON_NAME = AppIcon;
				ASSETCATALOG_COMPILER_GLOBAL_ACCENT_COLOR_NAME = AccentColor;
				CODE_SIGN_STYLE = Automatic;
				CURRENT_PROJECT_VERSION = 1;
				DEVELOPMENT_ASSET_PATHS = "\"OnteiKaizenKun/Preview Content\"";
				DEVELOPMENT_TEAM = 22LD9EBEZP;
				ENABLE_PREVIEWS = YES;
				GENERATE_INFOPLIST_FILE = YES;
				INFOPLIST_FILE = "----------Info.plist";
				INFOPLIST_KEY_LSApplicationCategoryType = "public.app-category.education";
				INFOPLIST_KEY_NSMicrophoneUsageDescription = "We use the microphone to demonstrate processing input.";
				INFOPLIST_KEY_NSSpeechRecognitionUsageDescription = "We use Speech Recognition to demonstrate BaseTap capabilities.";
				INFOPLIST_KEY_UIApplicationSceneManifest_Generation = YES;
				INFOPLIST_KEY_UIApplicationSupportsIndirectInputEvents = YES;
				INFOPLIST_KEY_UILaunchScreen_Generation = YES;
				INFOPLIST_KEY_UISupportedInterfaceOrientations = "UIInterfaceOrientationLandscapeLeft UIInterfaceOrientationLandscapeRight UIInterfaceOrientationPortrait";
				INFOPLIST_KEY_UISupportedInterfaceOrientations_iPad = "UIInterfaceOrientationLandscapeLeft UIInterfaceOrientationLandscapeRight UIInterfaceOrientationPortrait UIInterfaceOrientationPortraitUpsideDown";
				LD_RUNPATH_SEARCH_PATHS = (
					"$(inherited)",
					"@executable_path/Frameworks",
				);
				MARKETING_VERSION = 1.0;
				PRODUCT_BUNDLE_IDENTIFIER = Takuumi.OnteiKaizenKun;
				PRODUCT_NAME = "$(TARGET_NAME)";
				SUPPORTED_PLATFORMS = "iphoneos iphonesimulator";
				SUPPORTS_MACCATALYST = NO;
				SUPPORTS_MAC_DESIGNED_FOR_IPHONE_IPAD = NO;
				SWIFT_EMIT_LOC_STRINGS = YES;
				SWIFT_VERSION = 5.0;
				TARGETED_DEVICE_FAMILY = 1;
			};
			name = Debug;
		};
		6A3701CC290DE17F00B48E2B /* Release */ = {
			isa = XCBuildConfiguration;
			buildSettings = {
				ASSETCATALOG_COMPILER_APPICON_NAME = AppIcon;
				ASSETCATALOG_COMPILER_GLOBAL_ACCENT_COLOR_NAME = AccentColor;
				CODE_SIGN_STYLE = Automatic;
				CURRENT_PROJECT_VERSION = 1;
				DEVELOPMENT_ASSET_PATHS = "\"OnteiKaizenKun/Preview Content\"";
				DEVELOPMENT_TEAM = 22LD9EBEZP;
				ENABLE_PREVIEWS = YES;
				GENERATE_INFOPLIST_FILE = YES;
				INFOPLIST_FILE = "----------Info.plist";
				INFOPLIST_KEY_LSApplicationCategoryType = "public.app-category.education";
				INFOPLIST_KEY_NSMicrophoneUsageDescription = "We use the microphone to demonstrate processing input.";
				INFOPLIST_KEY_NSSpeechRecognitionUsageDescription = "We use Speech Recognition to demonstrate BaseTap capabilities.";
				INFOPLIST_KEY_UIApplicationSceneManifest_Generation = YES;
				INFOPLIST_KEY_UIApplicationSupportsIndirectInputEvents = YES;
				INFOPLIST_KEY_UILaunchScreen_Generation = YES;
				INFOPLIST_KEY_UISupportedInterfaceOrientations = "UIInterfaceOrientationLandscapeLeft UIInterfaceOrientationLandscapeRight UIInterfaceOrientationPortrait";
				INFOPLIST_KEY_UISupportedInterfaceOrientations_iPad = "UIInterfaceOrientationLandscapeLeft UIInterfaceOrientationLandscapeRight UIInterfaceOrientationPortrait UIInterfaceOrientationPortraitUpsideDown";
				LD_RUNPATH_SEARCH_PATHS = (
					"$(inherited)",
					"@executable_path/Frameworks",
				);
				MARKETING_VERSION = 1.0;
				PRODUCT_BUNDLE_IDENTIFIER = Takuumi.OnteiKaizenKun;
				PRODUCT_NAME = "$(TARGET_NAME)";
				SUPPORTED_PLATFORMS = "iphoneos iphonesimulator";
				SUPPORTS_MACCATALYST = NO;
				SUPPORTS_MAC_DESIGNED_FOR_IPHONE_IPAD = NO;
				SWIFT_EMIT_LOC_STRINGS = YES;
				SWIFT_VERSION = 5.0;
				TARGETED_DEVICE_FAMILY = 1;
			};
			name = Release;
		};
/* End XCBuildConfiguration section */

/* Begin XCConfigurationList section */
		6A3701B7290DE17D00B48E2B /* Build configuration list for PBXProject "音程かいぜんくん" */ = {
			isa = XCConfigurationList;
			buildConfigurations = (
				6A3701C8290DE17F00B48E2B /* Debug */,
				6A3701C9290DE17F00B48E2B /* Release */,
			);
			defaultConfigurationIsVisible = 0;
			defaultConfigurationName = Release;
		};
		6A3701CA290DE17F00B48E2B /* Build configuration list for PBXNativeTarget "音程かいぜんくん" */ = {
			isa = XCConfigurationList;
			buildConfigurations = (
				6A3701CB290DE17F00B48E2B /* Debug */,
				6A3701CC290DE17F00B48E2B /* Release */,
			);
			defaultConfigurationIsVisible = 0;
			defaultConfigurationName = Release;
		};
/* End XCConfigurationList section */

/* Begin XCRemoteSwiftPackageReference section */
		6ABF1215290E4F9100A21F85 /* XCRemoteSwiftPackageReference "AudioKit" */ = {
			isa = XCRemoteSwiftPackageReference;
			repositoryURL = "https://github.com/AudioKit/AudioKit.git";
			requirement = {
				kind = upToNextMajorVersion;
				minimumVersion = 5.0.0;
			};
		};
		6ABF1218290E4FA400A21F85 /* XCRemoteSwiftPackageReference "AudioKitEX" */ = {
			isa = XCRemoteSwiftPackageReference;
			repositoryURL = "https://github.com/AudioKit/AudioKitEX.git";
			requirement = {
				kind = upToNextMajorVersion;
				minimumVersion = 5.0.0;
			};
		};
		6ABF121B290E4FBB00A21F85 /* XCRemoteSwiftPackageReference "AudioKitUI" */ = {
			isa = XCRemoteSwiftPackageReference;
			repositoryURL = "https://github.com/AudioKit/AudioKitUI.git";
			requirement = {
				kind = upToNextMajorVersion;
				minimumVersion = 0.3.4;
			};
		};
		6ABF121F290E609E00A21F85 /* XCRemoteSwiftPackageReference "SoundpipeAudioKit" */ = {
			isa = XCRemoteSwiftPackageReference;
			repositoryURL = "https://github.com/AudioKit/SoundpipeAudioKit.git";
			requirement = {
				kind = upToNextMajorVersion;
				minimumVersion = 5.0.0;
			};
		};
		6ABF1224290E631800A21F85 /* XCRemoteSwiftPackageReference "Keyboard" */ = {
			isa = XCRemoteSwiftPackageReference;
			repositoryURL = "https://github.com/AudioKit/Keyboard.git";
			requirement = {
				kind = upToNextMajorVersion;
				minimumVersion = 1.0.0;
			};
		};
/* End XCRemoteSwiftPackageReference section */

/* Begin XCSwiftPackageProductDependency section */
		6ABF1216290E4F9100A21F85 /* AudioKit */ = {
			isa = XCSwiftPackageProductDependency;
			package = 6ABF1215290E4F9100A21F85 /* XCRemoteSwiftPackageReference "AudioKit" */;
			productName = AudioKit;
		};
		6ABF1219290E4FA400A21F85 /* AudioKitEX */ = {
			isa = XCSwiftPackageProductDependency;
			package = 6ABF1218290E4FA400A21F85 /* XCRemoteSwiftPackageReference "AudioKitEX" */;
			productName = AudioKitEX;
		};
		6ABF121C290E4FBB00A21F85 /* AudioKitUI */ = {
			isa = XCSwiftPackageProductDependency;
			package = 6ABF121B290E4FBB00A21F85 /* XCRemoteSwiftPackageReference "AudioKitUI" */;
			productName = AudioKitUI;
		};
		6ABF1220290E609E00A21F85 /* SoundpipeAudioKit */ = {
			isa = XCSwiftPackageProductDependency;
			package = 6ABF121F290E609E00A21F85 /* XCRemoteSwiftPackageReference "SoundpipeAudioKit" */;
			productName = SoundpipeAudioKit;
		};
		6ABF1225290E631800A21F85 /* Keyboard */ = {
			isa = XCSwiftPackageProductDependency;
			package = 6ABF1224290E631800A21F85 /* XCRemoteSwiftPackageReference "Keyboard" */;
			productName = Keyboard;
		};
/* End XCSwiftPackageProductDependency section */
	};
	rootObject = 6A3701B4290DE17D00B48E2B /* Project object */;
}
